
Microsoft Visual Studio Solution File, Format Version 12.00
# Visual Studio Version 17
VisualStudioVersion = 17.9.34622.214
MinimumVisualStudioVersion = 10.0.40219.1
Project("{FAE04EC0-301F-11D3-BF4B-00C04F79EFBC}") = "CRUDEmployees", "CRUDEmployees\CRUDEmployees.csproj", "{8F061197-1457-4B42-9DC5-C9A8D613CEDD}"
EndProject
Global
	GlobalSection(SolutionConfigurationPlatforms) = preSolution
		Debug|Any CPU = Debug|Any CPU
		Release|Any CPU = Release|Any CPU
	EndGlobalSection
	GlobalSection(ProjectConfigurationPlatforms) = postSolution
		{8F061197-1457-4B42-9DC5-C9A8D613CEDD}.Debug|Any CPU.ActiveCfg = Debug|Any CPU
		{8F061197-1457-4B42-9DC5-C9A8D613CEDD}.Debug|Any CPU.Build.0 = Debug|Any CPU
		{8F061197-1457-4B42-9DC5-C9A8D613CEDD}.Release|Any CPU.ActiveCfg = Release|Any CPU
		{8F061197-1457-4B42-9DC5-C9A8D613CEDD}.Release|Any CPU.Build.0 = Release|Any CPU
	EndGlobalSection
	GlobalSection(SolutionProperties) = preSolution
		HideSolutionNode = FALSE
	EndGlobalSection
	GlobalSection(ExtensibilityGlobals) = postSolution
		SolutionGuid = {0AF421C0-CE79-4D28-9528-8911C99C6F23}
	EndGlobalSection
EndGlobal
